
Microsoft Visual Studio Solution File, Format Version 12.00
# Visual Studio Version 17
VisualStudioVersion = 17.0.32014.148
MinimumVisualStudioVersion = 10.0.40219.1
Project("{FAE04EC0-301F-11D3-BF4B-00C04F79EFBC}") = "BankingCashCounter", "BankingCashCounter.csproj", "{05D3B932-04A5-4C60-997C-3255813EB52B}"
EndProject
Global
	GlobalSection(SolutionConfigurationPlatforms) = preSolution
		Debug|Any CPU = Debug|Any CPU
		Release|Any CPU = Release|Any CPU
	EndGlobalSection
	GlobalSection(ProjectConfigurationPlatforms) = postSolution
		{05D3B932-04A5-4C60-997C-3255813EB52B}.Debug|Any CPU.ActiveCfg = Debug|Any CPU
		{05D3B932-04A5-4C60-997C-3255813EB52B}.Debug|Any CPU.Build.0 = Debug|Any CPU
		{05D3B932-04A5-4C60-997C-3255813EB52B}.Release|Any CPU.ActiveCfg = Release|Any CPU
		{05D3B932-04A5-4C60-997C-3255813EB52B}.Release|Any CPU.Build.0 = Release|Any CPU
	EndGlobalSection
	GlobalSection(SolutionProperties) = preSolution
		HideSolutionNode = FALSE
	EndGlobalSection
	GlobalSection(ExtensibilityGlobals) = postSolution
		SolutionGuid = {92F1426C-EFBC-48A3-83AD-5C1D75E6B1D3}
	EndGlobalSection
EndGlobal
